
Microsoft Visual Studio Solution File, Format Version 12.00
# Visual Studio Version 17
VisualStudioVersion = 17.6.33723.286
MinimumVisualStudioVersion = 10.0.40219.1
Project("{FAE04EC0-301F-11D3-BF4B-00C04F79EFBC}") = "JSON TO CSV", "JSON TO CSV.csproj", "{9BBF8E6A-09C9-4FE8-B104-D9B867BF6DDA}"
EndProject
Global
	GlobalSection(SolutionConfigurationPlatforms) = preSolution
		Debug|Any CPU = Debug|Any CPU
		Release|Any CPU = Release|Any CPU
	EndGlobalSection
	GlobalSection(ProjectConfigurationPlatforms) = postSolution
		{9BBF8E6A-09C9-4FE8-B104-D9B867BF6DDA}.Debug|Any CPU.ActiveCfg = Debug|Any CPU
		{9BBF8E6A-09C9-4FE8-B104-D9B867BF6DDA}.Debug|Any CPU.Build.0 = Debug|Any CPU
		{9BBF8E6A-09C9-4FE8-B104-D9B867BF6DDA}.Release|Any CPU.ActiveCfg = Release|Any CPU
		{9BBF8E6A-09C9-4FE8-B104-D9B867BF6DDA}.Release|Any CPU.Build.0 = Release|Any CPU
	EndGlobalSection
	GlobalSection(SolutionProperties) = preSolution
		HideSolutionNode = FALSE
	EndGlobalSection
	GlobalSection(ExtensibilityGlobals) = postSolution
		SolutionGuid = {8A3AC9C6-980D-435A-9043-CFF7F8382341}
	EndGlobalSection
EndGlobal
